
Microsoft Visual Studio Solution File, Format Version 12.00
# Visual Studio Version 17
VisualStudioVersion = 17.13.35825.156
MinimumVisualStudioVersion = 10.0.40219.1
Project("{FAE04EC0-301F-11D3-BF4B-00C04F79EFBC}") = "OutScribed", "OutScribed\OutScribed.csproj", "{6CB02DBA-77B0-4C1B-9688-4A90CECBCFE4}"
EndProject
Project("{FAE04EC0-301F-11D3-BF4B-00C04F79EFBC}") = "OutScribed.Client", "OutScribed.Client\OutScribed.Client.csproj", "{6B7692CE-455B-4684-B37C-6D2C40DE96FF}"
EndProject
Global
	GlobalSection(SolutionConfigurationPlatforms) = preSolution
		Debug|Any CPU = Debug|Any CPU
		Release|Any CPU = Release|Any CPU
	EndGlobalSection
	GlobalSection(ProjectConfigurationPlatforms) = postSolution
		{6CB02DBA-77B0-4C1B-9688-4A90CECBCFE4}.Debug|Any CPU.ActiveCfg = Debug|Any CPU
		{6CB02DBA-77B0-4C1B-9688-4A90CECBCFE4}.Debug|Any CPU.Build.0 = Debug|Any CPU
		{6CB02DBA-77B0-4C1B-9688-4A90CECBCFE4}.Release|Any CPU.ActiveCfg = Release|Any CPU
		{6CB02DBA-77B0-4C1B-9688-4A90CECBCFE4}.Release|Any CPU.Build.0 = Release|Any CPU
		{6B7692CE-455B-4684-B37C-6D2C40DE96FF}.Debug|Any CPU.ActiveCfg = Debug|Any CPU
		{6B7692CE-455B-4684-B37C-6D2C40DE96FF}.Debug|Any CPU.Build.0 = Debug|Any CPU
		{6B7692CE-455B-4684-B37C-6D2C40DE96FF}.Release|Any CPU.ActiveCfg = Release|Any CPU
		{6B7692CE-455B-4684-B37C-6D2C40DE96FF}.Release|Any CPU.Build.0 = Release|Any CPU
	EndGlobalSection
	GlobalSection(SolutionProperties) = preSolution
		HideSolutionNode = FALSE
	EndGlobalSection
	GlobalSection(ExtensibilityGlobals) = postSolution
		SolutionGuid = {93B86ECC-B5B3-431D-AF11-1B89FCF5867B}
	EndGlobalSection
EndGlobal
