
Microsoft Visual Studio Solution File, Format Version 12.00
# Visual Studio Version 17
VisualStudioVersion = 17.13.35825.156
MinimumVisualStudioVersion = 10.0.40219.1
Project("{2150E333-8FDC-42A3-9474-1A3956D46DE8}") = "src", "src", "{02EA681E-C7D8-13C7-8484-4AC65E1B71E8}"
EndProject
Project("{FAE04EC0-301F-11D3-BF4B-00C04F79EFBC}") = "OutScribed.SharedKernel", "OutScribed.SharedKernel\OutScribed.SharedKernel.csproj", "{7813505F-AC24-442D-800E-50D5F40145AF}"
EndProject
Project("{2150E333-8FDC-42A3-9474-1A3956D46DE8}") = "tests", "tests", "{84510651-36FA-40FB-A939-F614EF0644F9}"
EndProject
Project("{FAE04EC0-301F-11D3-BF4B-00C04F79EFBC}") = "OutScribed.Infrastructure", "OutScribed.Infrastructure\OutScribed.Infrastructure.csproj", "{6BA145A1-2482-4BAC-9DD4-436ACBC6563A}"
EndProject
Project("{2150E333-8FDC-42A3-9474-1A3956D46DE8}") = "modules", "modules", "{1D16113D-842C-4D6B-9C53-EE7DA4D12E28}"
EndProject
Project("{2150E333-8FDC-42A3-9474-1A3956D46DE8}") = "onboarding", "onboarding", "{0E739323-7F69-4BE6-A5E4-60AF5A4FE409}"
EndProject
Project("{2150E333-8FDC-42A3-9474-1A3956D46DE8}") = "identity", "identity", "{C4BA2FAC-F52B-4EAC-AC34-0F97CDD4E83D}"
EndProject
Project("{2150E333-8FDC-42A3-9474-1A3956D46DE8}") = "publishing", "publishing", "{2F39A345-A3DC-46F8-80B0-7C6CEF5641A9}"
EndProject
Project("{2150E333-8FDC-42A3-9474-1A3956D46DE8}") = "analysis", "analysis", "{C009814C-B60E-43AB-8562-A94D15391902}"
EndProject
Project("{2150E333-8FDC-42A3-9474-1A3956D46DE8}") = "discovery", "discovery", "{2FDECFBF-D4AB-48BD-A03C-A13DB0E5A6EF}"
EndProject
Project("{2150E333-8FDC-42A3-9474-1A3956D46DE8}") = "tagging", "tagging", "{19F7D4C3-8973-47BF-8678-C3BDDEBF554D}"
EndProject
Project("{FAE04EC0-301F-11D3-BF4B-00C04F79EFBC}") = "OutScribed.Modules.Discovery.Application", "OutScribed.Modules.Discovery.Application\OutScribed.Modules.Discovery.Application.csproj", "{1331F0EE-16CF-410B-9146-4DE7EA4BEA27}"
EndProject
Project("{FAE04EC0-301F-11D3-BF4B-00C04F79EFBC}") = "OutScribed.Modules.Discovery.Domain", "OutScribed.Modules.Discovery.Domain\OutScribed.Modules.Discovery.Domain.csproj", "{18FB80E6-5837-4E02-AA4D-065798871309}"
EndProject
Project("{FAE04EC0-301F-11D3-BF4B-00C04F79EFBC}") = "OutScribed.Modules.Identity.Application", "OutScribed.Modules.Identity.Application\OutScribed.Modules.Identity.Application.csproj", "{607B17BA-AAEA-4B15-85DA-4AC6ED0C0195}"
EndProject
Project("{FAE04EC0-301F-11D3-BF4B-00C04F79EFBC}") = "OutScribed.Modules.Identity.Domain", "OutScribed.Modules.Identity.Domain\OutScribed.Modules.Identity.Domain.csproj", "{F391A9AE-2F5E-4F00-8D7C-5A33124AE4B8}"
EndProject
Project("{FAE04EC0-301F-11D3-BF4B-00C04F79EFBC}") = "OutScribed.Modules.Onboarding.Application", "OutScribed.Modules.Onboarding.Application\OutScribed.Modules.Onboarding.Application.csproj", "{2C0B6E34-BFC0-449F-ACEF-BF64AC54920E}"
EndProject
Project("{FAE04EC0-301F-11D3-BF4B-00C04F79EFBC}") = "OutScribed.Modules.Onboarding.Domain", "OutScribed.Modules.Onboarding.Domain\OutScribed.Modules.Onboarding.Domain.csproj", "{C1E55652-6E5D-47C7-B6DA-790E1297A7A9}"
EndProject
Project("{FAE04EC0-301F-11D3-BF4B-00C04F79EFBC}") = "OutScribed.Modules.Analysis.Application", "OutScribed.Modules.Opinion.Application\OutScribed.Modules.Analysis.Application.csproj", "{57FDCF84-8A9A-423A-8C1B-975FDE6AEA77}"
EndProject
Project("{FAE04EC0-301F-11D3-BF4B-00C04F79EFBC}") = "OutScribed.Modules.Analysis.Domain", "OutScribed.Modules.Opinion.Domain\OutScribed.Modules.Analysis.Domain.csproj", "{D0FE9DE1-8B32-48E6-B16A-EB6EF6C544D1}"
EndProject
Project("{FAE04EC0-301F-11D3-BF4B-00C04F79EFBC}") = "OutScribed.Modules.Publishing.Application", "OutScribed.Modules.Publishing.Application\OutScribed.Modules.Publishing.Application.csproj", "{F0895B5D-48E9-42E6-9C20-967D84F78B07}"
EndProject
Project("{FAE04EC0-301F-11D3-BF4B-00C04F79EFBC}") = "OutScribed.Modules.Publishing.Domain", "OutScribed.Modules.Publishing.Domain\OutScribed.Modules.Publishing.Domain.csproj", "{C17A7145-F154-475A-A281-4A81F24F1C8F}"
EndProject
Project("{FAE04EC0-301F-11D3-BF4B-00C04F79EFBC}") = "OutScribed.Modules.Tagging.Application", "OutScribed.Modules.Tagging.Application\OutScribed.Modules.Tagging.Application.csproj", "{77636889-7E23-44E4-A4E4-9352C41539BD}"
EndProject
Project("{FAE04EC0-301F-11D3-BF4B-00C04F79EFBC}") = "OutScribed.Modules.Tagging.Domain", "OutScribed.Modules.Tagging.Domain\OutScribed.Modules.Tagging.Domain.csproj", "{F5283271-2CA5-4AF4-85F9-B69EE9DD4CEF}"
EndProject
Project("{FAE04EC0-301F-11D3-BF4B-00C04F79EFBC}") = "OutScribed.API", "OutScribed.API\OutScribed.API.csproj", "{17278607-8B8B-4BCA-B572-E81FA75EA5BC}"
EndProject
Project("{FAE04EC0-301F-11D3-BF4B-00C04F79EFBC}") = "OutScribed.Application.Queries", "OutScribed.Application.Queries\OutScribed.Application.Queries.csproj", "{30F0E2FE-E1EE-4C71-8D87-697B3CA83A70}"
EndProject
Project("{2150E333-8FDC-42A3-9474-1A3956D46DE8}") = "jail", "jail", "{C3261213-DC94-4FD2-B1D0-B48CACDD1CF1}"
EndProject
Project("{FAE04EC0-301F-11D3-BF4B-00C04F79EFBC}") = "OutScribed.Modules.Jail.Domain", "OutScribed.Modules.Jail.Domain\OutScribed.Modules.Jail.Domain.csproj", "{BC477311-2F1E-4181-943A-EEC8174F4817}"
EndProject
Project("{FAE04EC0-301F-11D3-BF4B-00C04F79EFBC}") = "OutScribed.Modules.Jail.Application", "OutScribed.Modules.Jail.Application\OutScribed.Modules.Jail.Application.csproj", "{FE585581-C0D5-433D-8AA1-E615A215FE99}"
EndProject
Global
	GlobalSection(SolutionConfigurationPlatforms) = preSolution
		Debug|Any CPU = Debug|Any CPU
		Release|Any CPU = Release|Any CPU
	EndGlobalSection
	GlobalSection(ProjectConfigurationPlatforms) = postSolution
		{7813505F-AC24-442D-800E-50D5F40145AF}.Debug|Any CPU.ActiveCfg = Debug|Any CPU
		{7813505F-AC24-442D-800E-50D5F40145AF}.Debug|Any CPU.Build.0 = Debug|Any CPU
		{7813505F-AC24-442D-800E-50D5F40145AF}.Release|Any CPU.ActiveCfg = Release|Any CPU
		{7813505F-AC24-442D-800E-50D5F40145AF}.Release|Any CPU.Build.0 = Release|Any CPU
		{6BA145A1-2482-4BAC-9DD4-436ACBC6563A}.Debug|Any CPU.ActiveCfg = Debug|Any CPU
		{6BA145A1-2482-4BAC-9DD4-436ACBC6563A}.Debug|Any CPU.Build.0 = Debug|Any CPU
		{6BA145A1-2482-4BAC-9DD4-436ACBC6563A}.Release|Any CPU.ActiveCfg = Release|Any CPU
		{6BA145A1-2482-4BAC-9DD4-436ACBC6563A}.Release|Any CPU.Build.0 = Release|Any CPU
		{1331F0EE-16CF-410B-9146-4DE7EA4BEA27}.Debug|Any CPU.ActiveCfg = Debug|Any CPU
		{1331F0EE-16CF-410B-9146-4DE7EA4BEA27}.Debug|Any CPU.Build.0 = Debug|Any CPU
		{1331F0EE-16CF-410B-9146-4DE7EA4BEA27}.Release|Any CPU.ActiveCfg = Release|Any CPU
		{1331F0EE-16CF-410B-9146-4DE7EA4BEA27}.Release|Any CPU.Build.0 = Release|Any CPU
		{18FB80E6-5837-4E02-AA4D-065798871309}.Debug|Any CPU.ActiveCfg = Debug|Any CPU
		{18FB80E6-5837-4E02-AA4D-065798871309}.Debug|Any CPU.Build.0 = Debug|Any CPU
		{18FB80E6-5837-4E02-AA4D-065798871309}.Release|Any CPU.ActiveCfg = Release|Any CPU
		{18FB80E6-5837-4E02-AA4D-065798871309}.Release|Any CPU.Build.0 = Release|Any CPU
		{607B17BA-AAEA-4B15-85DA-4AC6ED0C0195}.Debug|Any CPU.ActiveCfg = Debug|Any CPU
		{607B17BA-AAEA-4B15-85DA-4AC6ED0C0195}.Debug|Any CPU.Build.0 = Debug|Any CPU
		{607B17BA-AAEA-4B15-85DA-4AC6ED0C0195}.Release|Any CPU.ActiveCfg = Release|Any CPU
		{607B17BA-AAEA-4B15-85DA-4AC6ED0C0195}.Release|Any CPU.Build.0 = Release|Any CPU
		{F391A9AE-2F5E-4F00-8D7C-5A33124AE4B8}.Debug|Any CPU.ActiveCfg = Debug|Any CPU
		{F391A9AE-2F5E-4F00-8D7C-5A33124AE4B8}.Debug|Any CPU.Build.0 = Debug|Any CPU
		{F391A9AE-2F5E-4F00-8D7C-5A33124AE4B8}.Release|Any CPU.ActiveCfg = Release|Any CPU
		{F391A9AE-2F5E-4F00-8D7C-5A33124AE4B8}.Release|Any CPU.Build.0 = Release|Any CPU
		{2C0B6E34-BFC0-449F-ACEF-BF64AC54920E}.Debug|Any CPU.ActiveCfg = Debug|Any CPU
		{2C0B6E34-BFC0-449F-ACEF-BF64AC54920E}.Debug|Any CPU.Build.0 = Debug|Any CPU
		{2C0B6E34-BFC0-449F-ACEF-BF64AC54920E}.Release|Any CPU.ActiveCfg = Release|Any CPU
		{2C0B6E34-BFC0-449F-ACEF-BF64AC54920E}.Release|Any CPU.Build.0 = Release|Any CPU
		{C1E55652-6E5D-47C7-B6DA-790E1297A7A9}.Debug|Any CPU.ActiveCfg = Debug|Any CPU
		{C1E55652-6E5D-47C7-B6DA-790E1297A7A9}.Debug|Any CPU.Build.0 = Debug|Any CPU
		{C1E55652-6E5D-47C7-B6DA-790E1297A7A9}.Release|Any CPU.ActiveCfg = Release|Any CPU
		{C1E55652-6E5D-47C7-B6DA-790E1297A7A9}.Release|Any CPU.Build.0 = Release|Any CPU
		{57FDCF84-8A9A-423A-8C1B-975FDE6AEA77}.Debug|Any CPU.ActiveCfg = Debug|Any CPU
		{57FDCF84-8A9A-423A-8C1B-975FDE6AEA77}.Debug|Any CPU.Build.0 = Debug|Any CPU
		{57FDCF84-8A9A-423A-8C1B-975FDE6AEA77}.Release|Any CPU.ActiveCfg = Release|Any CPU
		{57FDCF84-8A9A-423A-8C1B-975FDE6AEA77}.Release|Any CPU.Build.0 = Release|Any CPU
		{D0FE9DE1-8B32-48E6-B16A-EB6EF6C544D1}.Debug|Any CPU.ActiveCfg = Debug|Any CPU
		{D0FE9DE1-8B32-48E6-B16A-EB6EF6C544D1}.Debug|Any CPU.Build.0 = Debug|Any CPU
		{D0FE9DE1-8B32-48E6-B16A-EB6EF6C544D1}.Release|Any CPU.ActiveCfg = Release|Any CPU
		{D0FE9DE1-8B32-48E6-B16A-EB6EF6C544D1}.Release|Any CPU.Build.0 = Release|Any CPU
		{F0895B5D-48E9-42E6-9C20-967D84F78B07}.Debug|Any CPU.ActiveCfg = Debug|Any CPU
		{F0895B5D-48E9-42E6-9C20-967D84F78B07}.Debug|Any CPU.Build.0 = Debug|Any CPU
		{F0895B5D-48E9-42E6-9C20-967D84F78B07}.Release|Any CPU.ActiveCfg = Release|Any CPU
		{F0895B5D-48E9-42E6-9C20-967D84F78B07}.Release|Any CPU.Build.0 = Release|Any CPU
		{C17A7145-F154-475A-A281-4A81F24F1C8F}.Debug|Any CPU.ActiveCfg = Debug|Any CPU
		{C17A7145-F154-475A-A281-4A81F24F1C8F}.Debug|Any CPU.Build.0 = Debug|Any CPU
		{C17A7145-F154-475A-A281-4A81F24F1C8F}.Release|Any CPU.ActiveCfg = Release|Any CPU
		{C17A7145-F154-475A-A281-4A81F24F1C8F}.Release|Any CPU.Build.0 = Release|Any CPU
		{77636889-7E23-44E4-A4E4-9352C41539BD}.Debug|Any CPU.ActiveCfg = Debug|Any CPU
		{77636889-7E23-44E4-A4E4-9352C41539BD}.Debug|Any CPU.Build.0 = Debug|Any CPU
		{77636889-7E23-44E4-A4E4-9352C41539BD}.Release|Any CPU.ActiveCfg = Release|Any CPU
		{77636889-7E23-44E4-A4E4-9352C41539BD}.Release|Any CPU.Build.0 = Release|Any CPU
		{F5283271-2CA5-4AF4-85F9-B69EE9DD4CEF}.Debug|Any CPU.ActiveCfg = Debug|Any CPU
		{F5283271-2CA5-4AF4-85F9-B69EE9DD4CEF}.Debug|Any CPU.Build.0 = Debug|Any CPU
		{F5283271-2CA5-4AF4-85F9-B69EE9DD4CEF}.Release|Any CPU.ActiveCfg = Release|Any CPU
		{F5283271-2CA5-4AF4-85F9-B69EE9DD4CEF}.Release|Any CPU.Build.0 = Release|Any CPU
		{17278607-8B8B-4BCA-B572-E81FA75EA5BC}.Debug|Any CPU.ActiveCfg = Debug|Any CPU
		{17278607-8B8B-4BCA-B572-E81FA75EA5BC}.Debug|Any CPU.Build.0 = Debug|Any CPU
		{17278607-8B8B-4BCA-B572-E81FA75EA5BC}.Release|Any CPU.ActiveCfg = Release|Any CPU
		{17278607-8B8B-4BCA-B572-E81FA75EA5BC}.Release|Any CPU.Build.0 = Release|Any CPU
		{30F0E2FE-E1EE-4C71-8D87-697B3CA83A70}.Debug|Any CPU.ActiveCfg = Debug|Any CPU
		{30F0E2FE-E1EE-4C71-8D87-697B3CA83A70}.Debug|Any CPU.Build.0 = Debug|Any CPU
		{30F0E2FE-E1EE-4C71-8D87-697B3CA83A70}.Release|Any CPU.ActiveCfg = Release|Any CPU
		{30F0E2FE-E1EE-4C71-8D87-697B3CA83A70}.Release|Any CPU.Build.0 = Release|Any CPU
		{BC477311-2F1E-4181-943A-EEC8174F4817}.Debug|Any CPU.ActiveCfg = Debug|Any CPU
		{BC477311-2F1E-4181-943A-EEC8174F4817}.Debug|Any CPU.Build.0 = Debug|Any CPU
		{BC477311-2F1E-4181-943A-EEC8174F4817}.Release|Any CPU.ActiveCfg = Release|Any CPU
		{BC477311-2F1E-4181-943A-EEC8174F4817}.Release|Any CPU.Build.0 = Release|Any CPU
		{FE585581-C0D5-433D-8AA1-E615A215FE99}.Debug|Any CPU.ActiveCfg = Debug|Any CPU
		{FE585581-C0D5-433D-8AA1-E615A215FE99}.Debug|Any CPU.Build.0 = Debug|Any CPU
		{FE585581-C0D5-433D-8AA1-E615A215FE99}.Release|Any CPU.ActiveCfg = Release|Any CPU
		{FE585581-C0D5-433D-8AA1-E615A215FE99}.Release|Any CPU.Build.0 = Release|Any CPU
	EndGlobalSection
	GlobalSection(SolutionProperties) = preSolution
		HideSolutionNode = FALSE
	EndGlobalSection
	GlobalSection(NestedProjects) = preSolution
		{7813505F-AC24-442D-800E-50D5F40145AF} = {02EA681E-C7D8-13C7-8484-4AC65E1B71E8}
		{6BA145A1-2482-4BAC-9DD4-436ACBC6563A} = {02EA681E-C7D8-13C7-8484-4AC65E1B71E8}
		{1D16113D-842C-4D6B-9C53-EE7DA4D12E28} = {02EA681E-C7D8-13C7-8484-4AC65E1B71E8}
		{0E739323-7F69-4BE6-A5E4-60AF5A4FE409} = {1D16113D-842C-4D6B-9C53-EE7DA4D12E28}
		{C4BA2FAC-F52B-4EAC-AC34-0F97CDD4E83D} = {1D16113D-842C-4D6B-9C53-EE7DA4D12E28}
		{2F39A345-A3DC-46F8-80B0-7C6CEF5641A9} = {1D16113D-842C-4D6B-9C53-EE7DA4D12E28}
		{C009814C-B60E-43AB-8562-A94D15391902} = {1D16113D-842C-4D6B-9C53-EE7DA4D12E28}
		{2FDECFBF-D4AB-48BD-A03C-A13DB0E5A6EF} = {1D16113D-842C-4D6B-9C53-EE7DA4D12E28}
		{19F7D4C3-8973-47BF-8678-C3BDDEBF554D} = {1D16113D-842C-4D6B-9C53-EE7DA4D12E28}
		{1331F0EE-16CF-410B-9146-4DE7EA4BEA27} = {2FDECFBF-D4AB-48BD-A03C-A13DB0E5A6EF}
		{18FB80E6-5837-4E02-AA4D-065798871309} = {2FDECFBF-D4AB-48BD-A03C-A13DB0E5A6EF}
		{607B17BA-AAEA-4B15-85DA-4AC6ED0C0195} = {C4BA2FAC-F52B-4EAC-AC34-0F97CDD4E83D}
		{F391A9AE-2F5E-4F00-8D7C-5A33124AE4B8} = {C4BA2FAC-F52B-4EAC-AC34-0F97CDD4E83D}
		{2C0B6E34-BFC0-449F-ACEF-BF64AC54920E} = {0E739323-7F69-4BE6-A5E4-60AF5A4FE409}
		{C1E55652-6E5D-47C7-B6DA-790E1297A7A9} = {0E739323-7F69-4BE6-A5E4-60AF5A4FE409}
		{57FDCF84-8A9A-423A-8C1B-975FDE6AEA77} = {C009814C-B60E-43AB-8562-A94D15391902}
		{D0FE9DE1-8B32-48E6-B16A-EB6EF6C544D1} = {C009814C-B60E-43AB-8562-A94D15391902}
		{F0895B5D-48E9-42E6-9C20-967D84F78B07} = {2F39A345-A3DC-46F8-80B0-7C6CEF5641A9}
		{C17A7145-F154-475A-A281-4A81F24F1C8F} = {2F39A345-A3DC-46F8-80B0-7C6CEF5641A9}
		{77636889-7E23-44E4-A4E4-9352C41539BD} = {19F7D4C3-8973-47BF-8678-C3BDDEBF554D}
		{F5283271-2CA5-4AF4-85F9-B69EE9DD4CEF} = {19F7D4C3-8973-47BF-8678-C3BDDEBF554D}
		{17278607-8B8B-4BCA-B572-E81FA75EA5BC} = {02EA681E-C7D8-13C7-8484-4AC65E1B71E8}
		{30F0E2FE-E1EE-4C71-8D87-697B3CA83A70} = {02EA681E-C7D8-13C7-8484-4AC65E1B71E8}
		{C3261213-DC94-4FD2-B1D0-B48CACDD1CF1} = {1D16113D-842C-4D6B-9C53-EE7DA4D12E28}
		{BC477311-2F1E-4181-943A-EEC8174F4817} = {C3261213-DC94-4FD2-B1D0-B48CACDD1CF1}
		{FE585581-C0D5-433D-8AA1-E615A215FE99} = {C3261213-DC94-4FD2-B1D0-B48CACDD1CF1}
	EndGlobalSection
	GlobalSection(ExtensibilityGlobals) = postSolution
		SolutionGuid = {AC03E16E-8250-4FAF-BB95-03A36AE2FE8F}
	EndGlobalSection
EndGlobal
