
Microsoft Visual Studio Solution File, Format Version 12.00
# Visual Studio Version 17
VisualStudioVersion = 17.13.35825.156
MinimumVisualStudioVersion = 10.0.40219.1
Project("{2150E333-8FDC-42A3-9474-1A3956D46DE8}") = "Modules", "Modules", "{02EA681E-C7D8-13C7-8484-4AC65E1B71E8}"
EndProject
Project("{FAE04EC0-301F-11D3-BF4B-00C04F79EFBC}") = "OutScribed.Tests", "OutScribed.Tests\OutScribed.Tests.csproj", "{E298C1C7-897C-4F86-AC64-DB77FDE02426}"
EndProject
Project("{FAE04EC0-301F-11D3-BF4B-00C04F79EFBC}") = "OutScribed.SharedKernel", "OutScribed.Shared\OutScribed.SharedKernel.csproj", "{57F0CEFE-AA8A-468B-8896-5BDC8F834CD9}"
EndProject
Project("{FAE04EC0-301F-11D3-BF4B-00C04F79EFBC}") = "OutScribed.API", "OutScribed.API\OutScribed.API.csproj", "{E2772356-5252-4475-BDB3-E63F6905D13B}"
EndProject
Project("{2150E333-8FDC-42A3-9474-1A3956D46DE8}") = "Onboarding", "Onboarding", "{FFC69269-4D05-48DD-9271-9BE9BA2F49CE}"
EndProject
Project("{2150E333-8FDC-42A3-9474-1A3956D46DE8}") = "Identity", "Identity", "{8217B8E5-82CA-466A-AD87-E48F3BE037CB}"
EndProject
Project("{2150E333-8FDC-42A3-9474-1A3956D46DE8}") = "Tales", "Tales", "{799FC57B-BFBD-4021-A124-6D74D9FECBCB}"
EndProject
Project("{2150E333-8FDC-42A3-9474-1A3956D46DE8}") = "Insights", "Insights", "{C9228AD0-FA5D-4C34-BFCD-AA61327BE545}"
EndProject
Project("{2150E333-8FDC-42A3-9474-1A3956D46DE8}") = "Watchlists", "Watchlists", "{7337A098-BE90-4B6D-AF15-FD59C3D4286E}"
EndProject
Project("{2150E333-8FDC-42A3-9474-1A3956D46DE8}") = "Comments", "Comments", "{6B0061DA-6A70-4CEF-9097-4D80B9C874A8}"
EndProject
Project("{2150E333-8FDC-42A3-9474-1A3956D46DE8}") = "Reactions", "Reactions", "{6C8E8761-65D8-4B52-82BB-8A7ABD0AC90B}"
EndProject
Project("{2150E333-8FDC-42A3-9474-1A3956D46DE8}") = "Flags", "Flags", "{539EC49B-1D8E-4524-9F63-3F70B61A5A85}"
EndProject
Project("{2150E333-8FDC-42A3-9474-1A3956D46DE8}") = "Shares", "Shares", "{8652BDA3-A994-4A95-AF4D-6C3303C934FE}"
EndProject
Project("{2150E333-8FDC-42A3-9474-1A3956D46DE8}") = "Tags", "Tags", "{7469CAF2-640A-4DE4-A89F-1197D675E0A8}"
EndProject
Project("{FAE04EC0-301F-11D3-BF4B-00C04F79EFBC}") = "OutScribed.Onboarding.Application", "OutScribed.Onboarding.Application\OutScribed.Onboarding.Application.csproj", "{3C647547-93B3-4DF7-966E-0783117465B8}"
EndProject
Project("{FAE04EC0-301F-11D3-BF4B-00C04F79EFBC}") = "OutScribed.Onboarding.Domain", "OutScribed.Onboarding.Domain\OutScribed.Onboarding.Domain.csproj", "{C4305029-7C5D-4E1B-AD20-5EE87BD60560}"
EndProject
Project("{FAE04EC0-301F-11D3-BF4B-00C04F79EFBC}") = "OutScribed.Onboarding.Infrastructure", "OutScribed.Onboarding.Infrastructure\OutScribed.Onboarding.Infrastructure.csproj", "{CB1B06D3-9E96-4535-AD59-161E3A578407}"
EndProject
Project("{FAE04EC0-301F-11D3-BF4B-00C04F79EFBC}") = "OutScribed.Comments.Application", "OutScribed.Comments.Application\OutScribed.Comments.Application.csproj", "{83312EEC-127B-44EA-8F52-B66CF32558EB}"
EndProject
Project("{FAE04EC0-301F-11D3-BF4B-00C04F79EFBC}") = "OutScribed.Comments.Domain", "OutScribed.Comments.Domain\OutScribed.Comments.Domain.csproj", "{B6594F2C-4922-4C49-AFBB-C52EC15B7244}"
EndProject
Project("{FAE04EC0-301F-11D3-BF4B-00C04F79EFBC}") = "OutScribed.Flags.Application", "OutScribed.Flags.Application\OutScribed.Flags.Application.csproj", "{41E7B08F-E783-43E5-9054-260C68DC5FD2}"
EndProject
Project("{FAE04EC0-301F-11D3-BF4B-00C04F79EFBC}") = "OutScribed.Flags.Domain", "OutScribed.Flags.Domain\OutScribed.Flags.Domain.csproj", "{3B13F125-0F8E-4727-A097-C0901A570204}"
EndProject
Project("{FAE04EC0-301F-11D3-BF4B-00C04F79EFBC}") = "OutScribed.Identity.Application", "OutScribed.Identity.Application\OutScribed.Identity.Application.csproj", "{6CEDA151-EA62-49AD-9004-51BAD64EEE64}"
EndProject
Project("{FAE04EC0-301F-11D3-BF4B-00C04F79EFBC}") = "OutScribed.Identity.Domain", "OutScribed.Identity.Domain\OutScribed.Identity.Domain.csproj", "{5628CABE-7A40-47E1-98B2-C205AE4CE88E}"
EndProject
Project("{FAE04EC0-301F-11D3-BF4B-00C04F79EFBC}") = "OutScribed.Insights.Application", "OutScribed.Insights.Application\OutScribed.Insights.Application.csproj", "{A23A5E88-0E78-4F45-BFD5-188D20E90952}"
EndProject
Project("{FAE04EC0-301F-11D3-BF4B-00C04F79EFBC}") = "OutScribed.Insights.Domain", "OutScribed.Insights.Domain\OutScribed.Insights.Domain.csproj", "{187B90A9-B185-4083-A604-AB5936DB809B}"
EndProject
Project("{FAE04EC0-301F-11D3-BF4B-00C04F79EFBC}") = "OutScribed.Reactions.Application", "OutScribed.Reactions.Application\OutScribed.Reactions.Application.csproj", "{8DEA559D-83D0-4716-BA82-330D26E3AA9B}"
EndProject
Project("{FAE04EC0-301F-11D3-BF4B-00C04F79EFBC}") = "OutScribed.Reactions.Domain", "OutScribed.Reactions.Domain\OutScribed.Reactions.Domain.csproj", "{45BEB5C1-4A9F-4603-AB41-AEE92D95F816}"
EndProject
Project("{FAE04EC0-301F-11D3-BF4B-00C04F79EFBC}") = "OutScribed.Shares.Application", "OutScribed.Shares.Application\OutScribed.Shares.Application.csproj", "{6393EE6F-C979-4D7E-A7BA-0DBC62BF59C3}"
EndProject
Project("{FAE04EC0-301F-11D3-BF4B-00C04F79EFBC}") = "OutScribed.Shares.Domain", "OutScribed.Shares.Domain\OutScribed.Shares.Domain.csproj", "{CB2A692C-8A0A-4EB3-93C6-82E727D05C29}"
EndProject
Project("{FAE04EC0-301F-11D3-BF4B-00C04F79EFBC}") = "OutScribed.Tags.Application", "OutScribed.Tags.Application\OutScribed.Tags.Application.csproj", "{079AF397-5539-4115-84F5-DEE18C8A59C5}"
EndProject
Project("{FAE04EC0-301F-11D3-BF4B-00C04F79EFBC}") = "OutScribed.Tags.Domain", "OutScribed.Tags.Domain\OutScribed.Tags.Domain.csproj", "{F377AB39-ABEB-46AA-8E81-62A1706D906B}"
EndProject
Project("{FAE04EC0-301F-11D3-BF4B-00C04F79EFBC}") = "OutScribed,Tales.Domain", "OutScribed,Tales.Domain\OutScribed,Tales.Domain.csproj", "{9D522190-2709-4D62-B98A-32382D2A2CA7}"
EndProject
Project("{FAE04EC0-301F-11D3-BF4B-00C04F79EFBC}") = "OutScribed.Tales.Application", "OutScribed.Tales.Application\OutScribed.Tales.Application.csproj", "{927C060B-FE1E-41D0-A250-8E4A955712B6}"
EndProject
Project("{FAE04EC0-301F-11D3-BF4B-00C04F79EFBC}") = "OUtScribed.Watchlists.Application", "OUtScribed.Watchlists.Application\OUtScribed.Watchlists.Application.csproj", "{D66D9A19-50D6-4152-B60D-A850BF246CD9}"
EndProject
Project("{FAE04EC0-301F-11D3-BF4B-00C04F79EFBC}") = "OutScribed.Watchlists.Domain", "OutScribed.Watchlists.Domain\OutScribed.Watchlists.Domain.csproj", "{6F4B8B1F-9687-4172-AB7B-8166F2E584F1}"
EndProject
Project("{FAE04EC0-301F-11D3-BF4B-00C04F79EFBC}") = "OutScribed.Infrastructure", "OutScribed.Infrastructure\OutScribed.Infrastructure.csproj", "{5CA1F763-5106-4A00-84DA-65440884095E}"
EndProject
Global
	GlobalSection(SolutionConfigurationPlatforms) = preSolution
		Debug|Any CPU = Debug|Any CPU
		Release|Any CPU = Release|Any CPU
	EndGlobalSection
	GlobalSection(ProjectConfigurationPlatforms) = postSolution
		{E298C1C7-897C-4F86-AC64-DB77FDE02426}.Debug|Any CPU.ActiveCfg = Debug|Any CPU
		{E298C1C7-897C-4F86-AC64-DB77FDE02426}.Debug|Any CPU.Build.0 = Debug|Any CPU
		{E298C1C7-897C-4F86-AC64-DB77FDE02426}.Release|Any CPU.ActiveCfg = Release|Any CPU
		{E298C1C7-897C-4F86-AC64-DB77FDE02426}.Release|Any CPU.Build.0 = Release|Any CPU
		{57F0CEFE-AA8A-468B-8896-5BDC8F834CD9}.Debug|Any CPU.ActiveCfg = Debug|Any CPU
		{57F0CEFE-AA8A-468B-8896-5BDC8F834CD9}.Debug|Any CPU.Build.0 = Debug|Any CPU
		{57F0CEFE-AA8A-468B-8896-5BDC8F834CD9}.Release|Any CPU.ActiveCfg = Release|Any CPU
		{57F0CEFE-AA8A-468B-8896-5BDC8F834CD9}.Release|Any CPU.Build.0 = Release|Any CPU
		{E2772356-5252-4475-BDB3-E63F6905D13B}.Debug|Any CPU.ActiveCfg = Debug|Any CPU
		{E2772356-5252-4475-BDB3-E63F6905D13B}.Debug|Any CPU.Build.0 = Debug|Any CPU
		{E2772356-5252-4475-BDB3-E63F6905D13B}.Release|Any CPU.ActiveCfg = Release|Any CPU
		{E2772356-5252-4475-BDB3-E63F6905D13B}.Release|Any CPU.Build.0 = Release|Any CPU
		{3C647547-93B3-4DF7-966E-0783117465B8}.Debug|Any CPU.ActiveCfg = Debug|Any CPU
		{3C647547-93B3-4DF7-966E-0783117465B8}.Debug|Any CPU.Build.0 = Debug|Any CPU
		{3C647547-93B3-4DF7-966E-0783117465B8}.Release|Any CPU.ActiveCfg = Release|Any CPU
		{3C647547-93B3-4DF7-966E-0783117465B8}.Release|Any CPU.Build.0 = Release|Any CPU
		{C4305029-7C5D-4E1B-AD20-5EE87BD60560}.Debug|Any CPU.ActiveCfg = Debug|Any CPU
		{C4305029-7C5D-4E1B-AD20-5EE87BD60560}.Debug|Any CPU.Build.0 = Debug|Any CPU
		{C4305029-7C5D-4E1B-AD20-5EE87BD60560}.Release|Any CPU.ActiveCfg = Release|Any CPU
		{C4305029-7C5D-4E1B-AD20-5EE87BD60560}.Release|Any CPU.Build.0 = Release|Any CPU
		{CB1B06D3-9E96-4535-AD59-161E3A578407}.Debug|Any CPU.ActiveCfg = Debug|Any CPU
		{CB1B06D3-9E96-4535-AD59-161E3A578407}.Debug|Any CPU.Build.0 = Debug|Any CPU
		{CB1B06D3-9E96-4535-AD59-161E3A578407}.Release|Any CPU.ActiveCfg = Release|Any CPU
		{CB1B06D3-9E96-4535-AD59-161E3A578407}.Release|Any CPU.Build.0 = Release|Any CPU
		{83312EEC-127B-44EA-8F52-B66CF32558EB}.Debug|Any CPU.ActiveCfg = Debug|Any CPU
		{83312EEC-127B-44EA-8F52-B66CF32558EB}.Debug|Any CPU.Build.0 = Debug|Any CPU
		{83312EEC-127B-44EA-8F52-B66CF32558EB}.Release|Any CPU.ActiveCfg = Release|Any CPU
		{83312EEC-127B-44EA-8F52-B66CF32558EB}.Release|Any CPU.Build.0 = Release|Any CPU
		{B6594F2C-4922-4C49-AFBB-C52EC15B7244}.Debug|Any CPU.ActiveCfg = Debug|Any CPU
		{B6594F2C-4922-4C49-AFBB-C52EC15B7244}.Debug|Any CPU.Build.0 = Debug|Any CPU
		{B6594F2C-4922-4C49-AFBB-C52EC15B7244}.Release|Any CPU.ActiveCfg = Release|Any CPU
		{B6594F2C-4922-4C49-AFBB-C52EC15B7244}.Release|Any CPU.Build.0 = Release|Any CPU
		{41E7B08F-E783-43E5-9054-260C68DC5FD2}.Debug|Any CPU.ActiveCfg = Debug|Any CPU
		{41E7B08F-E783-43E5-9054-260C68DC5FD2}.Debug|Any CPU.Build.0 = Debug|Any CPU
		{41E7B08F-E783-43E5-9054-260C68DC5FD2}.Release|Any CPU.ActiveCfg = Release|Any CPU
		{41E7B08F-E783-43E5-9054-260C68DC5FD2}.Release|Any CPU.Build.0 = Release|Any CPU
		{3B13F125-0F8E-4727-A097-C0901A570204}.Debug|Any CPU.ActiveCfg = Debug|Any CPU
		{3B13F125-0F8E-4727-A097-C0901A570204}.Debug|Any CPU.Build.0 = Debug|Any CPU
		{3B13F125-0F8E-4727-A097-C0901A570204}.Release|Any CPU.ActiveCfg = Release|Any CPU
		{3B13F125-0F8E-4727-A097-C0901A570204}.Release|Any CPU.Build.0 = Release|Any CPU
		{6CEDA151-EA62-49AD-9004-51BAD64EEE64}.Debug|Any CPU.ActiveCfg = Debug|Any CPU
		{6CEDA151-EA62-49AD-9004-51BAD64EEE64}.Debug|Any CPU.Build.0 = Debug|Any CPU
		{6CEDA151-EA62-49AD-9004-51BAD64EEE64}.Release|Any CPU.ActiveCfg = Release|Any CPU
		{6CEDA151-EA62-49AD-9004-51BAD64EEE64}.Release|Any CPU.Build.0 = Release|Any CPU
		{5628CABE-7A40-47E1-98B2-C205AE4CE88E}.Debug|Any CPU.ActiveCfg = Debug|Any CPU
		{5628CABE-7A40-47E1-98B2-C205AE4CE88E}.Debug|Any CPU.Build.0 = Debug|Any CPU
		{5628CABE-7A40-47E1-98B2-C205AE4CE88E}.Release|Any CPU.ActiveCfg = Release|Any CPU
		{5628CABE-7A40-47E1-98B2-C205AE4CE88E}.Release|Any CPU.Build.0 = Release|Any CPU
		{A23A5E88-0E78-4F45-BFD5-188D20E90952}.Debug|Any CPU.ActiveCfg = Debug|Any CPU
		{A23A5E88-0E78-4F45-BFD5-188D20E90952}.Debug|Any CPU.Build.0 = Debug|Any CPU
		{A23A5E88-0E78-4F45-BFD5-188D20E90952}.Release|Any CPU.ActiveCfg = Release|Any CPU
		{A23A5E88-0E78-4F45-BFD5-188D20E90952}.Release|Any CPU.Build.0 = Release|Any CPU
		{187B90A9-B185-4083-A604-AB5936DB809B}.Debug|Any CPU.ActiveCfg = Debug|Any CPU
		{187B90A9-B185-4083-A604-AB5936DB809B}.Debug|Any CPU.Build.0 = Debug|Any CPU
		{187B90A9-B185-4083-A604-AB5936DB809B}.Release|Any CPU.ActiveCfg = Release|Any CPU
		{187B90A9-B185-4083-A604-AB5936DB809B}.Release|Any CPU.Build.0 = Release|Any CPU
		{8DEA559D-83D0-4716-BA82-330D26E3AA9B}.Debug|Any CPU.ActiveCfg = Debug|Any CPU
		{8DEA559D-83D0-4716-BA82-330D26E3AA9B}.Debug|Any CPU.Build.0 = Debug|Any CPU
		{8DEA559D-83D0-4716-BA82-330D26E3AA9B}.Release|Any CPU.ActiveCfg = Release|Any CPU
		{8DEA559D-83D0-4716-BA82-330D26E3AA9B}.Release|Any CPU.Build.0 = Release|Any CPU
		{45BEB5C1-4A9F-4603-AB41-AEE92D95F816}.Debug|Any CPU.ActiveCfg = Debug|Any CPU
		{45BEB5C1-4A9F-4603-AB41-AEE92D95F816}.Debug|Any CPU.Build.0 = Debug|Any CPU
		{45BEB5C1-4A9F-4603-AB41-AEE92D95F816}.Release|Any CPU.ActiveCfg = Release|Any CPU
		{45BEB5C1-4A9F-4603-AB41-AEE92D95F816}.Release|Any CPU.Build.0 = Release|Any CPU
		{6393EE6F-C979-4D7E-A7BA-0DBC62BF59C3}.Debug|Any CPU.ActiveCfg = Debug|Any CPU
		{6393EE6F-C979-4D7E-A7BA-0DBC62BF59C3}.Debug|Any CPU.Build.0 = Debug|Any CPU
		{6393EE6F-C979-4D7E-A7BA-0DBC62BF59C3}.Release|Any CPU.ActiveCfg = Release|Any CPU
		{6393EE6F-C979-4D7E-A7BA-0DBC62BF59C3}.Release|Any CPU.Build.0 = Release|Any CPU
		{CB2A692C-8A0A-4EB3-93C6-82E727D05C29}.Debug|Any CPU.ActiveCfg = Debug|Any CPU
		{CB2A692C-8A0A-4EB3-93C6-82E727D05C29}.Debug|Any CPU.Build.0 = Debug|Any CPU
		{CB2A692C-8A0A-4EB3-93C6-82E727D05C29}.Release|Any CPU.ActiveCfg = Release|Any CPU
		{CB2A692C-8A0A-4EB3-93C6-82E727D05C29}.Release|Any CPU.Build.0 = Release|Any CPU
		{079AF397-5539-4115-84F5-DEE18C8A59C5}.Debug|Any CPU.ActiveCfg = Debug|Any CPU
		{079AF397-5539-4115-84F5-DEE18C8A59C5}.Debug|Any CPU.Build.0 = Debug|Any CPU
		{079AF397-5539-4115-84F5-DEE18C8A59C5}.Release|Any CPU.ActiveCfg = Release|Any CPU
		{079AF397-5539-4115-84F5-DEE18C8A59C5}.Release|Any CPU.Build.0 = Release|Any CPU
		{F377AB39-ABEB-46AA-8E81-62A1706D906B}.Debug|Any CPU.ActiveCfg = Debug|Any CPU
		{F377AB39-ABEB-46AA-8E81-62A1706D906B}.Debug|Any CPU.Build.0 = Debug|Any CPU
		{F377AB39-ABEB-46AA-8E81-62A1706D906B}.Release|Any CPU.ActiveCfg = Release|Any CPU
		{F377AB39-ABEB-46AA-8E81-62A1706D906B}.Release|Any CPU.Build.0 = Release|Any CPU
		{9D522190-2709-4D62-B98A-32382D2A2CA7}.Debug|Any CPU.ActiveCfg = Debug|Any CPU
		{9D522190-2709-4D62-B98A-32382D2A2CA7}.Debug|Any CPU.Build.0 = Debug|Any CPU
		{9D522190-2709-4D62-B98A-32382D2A2CA7}.Release|Any CPU.ActiveCfg = Release|Any CPU
		{9D522190-2709-4D62-B98A-32382D2A2CA7}.Release|Any CPU.Build.0 = Release|Any CPU
		{927C060B-FE1E-41D0-A250-8E4A955712B6}.Debug|Any CPU.ActiveCfg = Debug|Any CPU
		{927C060B-FE1E-41D0-A250-8E4A955712B6}.Debug|Any CPU.Build.0 = Debug|Any CPU
		{927C060B-FE1E-41D0-A250-8E4A955712B6}.Release|Any CPU.ActiveCfg = Release|Any CPU
		{927C060B-FE1E-41D0-A250-8E4A955712B6}.Release|Any CPU.Build.0 = Release|Any CPU
		{D66D9A19-50D6-4152-B60D-A850BF246CD9}.Debug|Any CPU.ActiveCfg = Debug|Any CPU
		{D66D9A19-50D6-4152-B60D-A850BF246CD9}.Debug|Any CPU.Build.0 = Debug|Any CPU
		{D66D9A19-50D6-4152-B60D-A850BF246CD9}.Release|Any CPU.ActiveCfg = Release|Any CPU
		{D66D9A19-50D6-4152-B60D-A850BF246CD9}.Release|Any CPU.Build.0 = Release|Any CPU
		{6F4B8B1F-9687-4172-AB7B-8166F2E584F1}.Debug|Any CPU.ActiveCfg = Debug|Any CPU
		{6F4B8B1F-9687-4172-AB7B-8166F2E584F1}.Debug|Any CPU.Build.0 = Debug|Any CPU
		{6F4B8B1F-9687-4172-AB7B-8166F2E584F1}.Release|Any CPU.ActiveCfg = Release|Any CPU
		{6F4B8B1F-9687-4172-AB7B-8166F2E584F1}.Release|Any CPU.Build.0 = Release|Any CPU
		{5CA1F763-5106-4A00-84DA-65440884095E}.Debug|Any CPU.ActiveCfg = Debug|Any CPU
		{5CA1F763-5106-4A00-84DA-65440884095E}.Debug|Any CPU.Build.0 = Debug|Any CPU
		{5CA1F763-5106-4A00-84DA-65440884095E}.Release|Any CPU.ActiveCfg = Release|Any CPU
		{5CA1F763-5106-4A00-84DA-65440884095E}.Release|Any CPU.Build.0 = Release|Any CPU
	EndGlobalSection
	GlobalSection(SolutionProperties) = preSolution
		HideSolutionNode = FALSE
	EndGlobalSection
	GlobalSection(NestedProjects) = preSolution
		{FFC69269-4D05-48DD-9271-9BE9BA2F49CE} = {02EA681E-C7D8-13C7-8484-4AC65E1B71E8}
		{8217B8E5-82CA-466A-AD87-E48F3BE037CB} = {02EA681E-C7D8-13C7-8484-4AC65E1B71E8}
		{799FC57B-BFBD-4021-A124-6D74D9FECBCB} = {02EA681E-C7D8-13C7-8484-4AC65E1B71E8}
		{C9228AD0-FA5D-4C34-BFCD-AA61327BE545} = {02EA681E-C7D8-13C7-8484-4AC65E1B71E8}
		{7337A098-BE90-4B6D-AF15-FD59C3D4286E} = {02EA681E-C7D8-13C7-8484-4AC65E1B71E8}
		{6B0061DA-6A70-4CEF-9097-4D80B9C874A8} = {02EA681E-C7D8-13C7-8484-4AC65E1B71E8}
		{6C8E8761-65D8-4B52-82BB-8A7ABD0AC90B} = {02EA681E-C7D8-13C7-8484-4AC65E1B71E8}
		{539EC49B-1D8E-4524-9F63-3F70B61A5A85} = {02EA681E-C7D8-13C7-8484-4AC65E1B71E8}
		{8652BDA3-A994-4A95-AF4D-6C3303C934FE} = {02EA681E-C7D8-13C7-8484-4AC65E1B71E8}
		{7469CAF2-640A-4DE4-A89F-1197D675E0A8} = {02EA681E-C7D8-13C7-8484-4AC65E1B71E8}
		{3C647547-93B3-4DF7-966E-0783117465B8} = {FFC69269-4D05-48DD-9271-9BE9BA2F49CE}
		{C4305029-7C5D-4E1B-AD20-5EE87BD60560} = {FFC69269-4D05-48DD-9271-9BE9BA2F49CE}
		{CB1B06D3-9E96-4535-AD59-161E3A578407} = {FFC69269-4D05-48DD-9271-9BE9BA2F49CE}
		{83312EEC-127B-44EA-8F52-B66CF32558EB} = {6B0061DA-6A70-4CEF-9097-4D80B9C874A8}
		{B6594F2C-4922-4C49-AFBB-C52EC15B7244} = {6B0061DA-6A70-4CEF-9097-4D80B9C874A8}
		{41E7B08F-E783-43E5-9054-260C68DC5FD2} = {539EC49B-1D8E-4524-9F63-3F70B61A5A85}
		{3B13F125-0F8E-4727-A097-C0901A570204} = {539EC49B-1D8E-4524-9F63-3F70B61A5A85}
		{6CEDA151-EA62-49AD-9004-51BAD64EEE64} = {8217B8E5-82CA-466A-AD87-E48F3BE037CB}
		{5628CABE-7A40-47E1-98B2-C205AE4CE88E} = {8217B8E5-82CA-466A-AD87-E48F3BE037CB}
		{A23A5E88-0E78-4F45-BFD5-188D20E90952} = {C9228AD0-FA5D-4C34-BFCD-AA61327BE545}
		{187B90A9-B185-4083-A604-AB5936DB809B} = {C9228AD0-FA5D-4C34-BFCD-AA61327BE545}
		{8DEA559D-83D0-4716-BA82-330D26E3AA9B} = {6C8E8761-65D8-4B52-82BB-8A7ABD0AC90B}
		{45BEB5C1-4A9F-4603-AB41-AEE92D95F816} = {6C8E8761-65D8-4B52-82BB-8A7ABD0AC90B}
		{6393EE6F-C979-4D7E-A7BA-0DBC62BF59C3} = {8652BDA3-A994-4A95-AF4D-6C3303C934FE}
		{CB2A692C-8A0A-4EB3-93C6-82E727D05C29} = {8652BDA3-A994-4A95-AF4D-6C3303C934FE}
		{079AF397-5539-4115-84F5-DEE18C8A59C5} = {7469CAF2-640A-4DE4-A89F-1197D675E0A8}
		{F377AB39-ABEB-46AA-8E81-62A1706D906B} = {7469CAF2-640A-4DE4-A89F-1197D675E0A8}
		{9D522190-2709-4D62-B98A-32382D2A2CA7} = {799FC57B-BFBD-4021-A124-6D74D9FECBCB}
		{927C060B-FE1E-41D0-A250-8E4A955712B6} = {799FC57B-BFBD-4021-A124-6D74D9FECBCB}
		{D66D9A19-50D6-4152-B60D-A850BF246CD9} = {7337A098-BE90-4B6D-AF15-FD59C3D4286E}
		{6F4B8B1F-9687-4172-AB7B-8166F2E584F1} = {7337A098-BE90-4B6D-AF15-FD59C3D4286E}
	EndGlobalSection
	GlobalSection(ExtensibilityGlobals) = postSolution
		SolutionGuid = {6101CC8A-6455-463E-A727-C83C3B0FE28D}
	EndGlobalSection
EndGlobal
